
Microsoft Visual Studio Solution File, Format Version 12.00
# Visual Studio Version 17
VisualStudioVersion = 17.9.34701.34
MinimumVisualStudioVersion = 10.0.40219.1
Project("{FAE04EC0-301F-11D3-BF4B-00C04F79EFBC}") = "Centralita", "Centralita\Centralita.csproj", "{AEA202DC-92AD-469C-A3BE-893C892E3CD4}"
EndProject
Global
	GlobalSection(SolutionConfigurationPlatforms) = preSolution
		Debug|Any CPU = Debug|Any CPU
		Release|Any CPU = Release|Any CPU
	EndGlobalSection
	GlobalSection(ProjectConfigurationPlatforms) = postSolution
		{AEA202DC-92AD-469C-A3BE-893C892E3CD4}.Debug|Any CPU.ActiveCfg = Debug|Any CPU
		{AEA202DC-92AD-469C-A3BE-893C892E3CD4}.Debug|Any CPU.Build.0 = Debug|Any CPU
		{AEA202DC-92AD-469C-A3BE-893C892E3CD4}.Release|Any CPU.ActiveCfg = Release|Any CPU
		{AEA202DC-92AD-469C-A3BE-893C892E3CD4}.Release|Any CPU.Build.0 = Release|Any CPU
	EndGlobalSection
	GlobalSection(SolutionProperties) = preSolution
		HideSolutionNode = FALSE
	EndGlobalSection
	GlobalSection(ExtensibilityGlobals) = postSolution
		SolutionGuid = {51E21F64-E9EA-4F7B-82BF-185B9E2D4EF1}
	EndGlobalSection
EndGlobal
